
Microsoft Visual Studio Solution File, Format Version 12.00
# Visual Studio Version 16
VisualStudioVersion = 16.0.29123.88
MinimumVisualStudioVersion = 10.0.40219.1
Project("{FAE04EC0-301F-11D3-BF4B-00C04F79EFBC}") = "shopHomePage", "shopHomePage.csproj", "{43FD2406-C401-4BC7-B93A-061EE3995522}"
EndProject
Global
	GlobalSection(SolutionConfigurationPlatforms) = preSolution
		Debug|Any CPU = Debug|Any CPU
		Release|Any CPU = Release|Any CPU
	EndGlobalSection
	GlobalSection(ProjectConfigurationPlatforms) = postSolution
		{43FD2406-C401-4BC7-B93A-061EE3995522}.Debug|Any CPU.ActiveCfg = Debug|Any CPU
		{43FD2406-C401-4BC7-B93A-061EE3995522}.Debug|Any CPU.Build.0 = Debug|Any CPU
		{43FD2406-C401-4BC7-B93A-061EE3995522}.Release|Any CPU.ActiveCfg = Release|Any CPU
		{43FD2406-C401-4BC7-B93A-061EE3995522}.Release|Any CPU.Build.0 = Release|Any CPU
	EndGlobalSection
	GlobalSection(SolutionProperties) = preSolution
		HideSolutionNode = FALSE
	EndGlobalSection
	GlobalSection(ExtensibilityGlobals) = postSolution
		SolutionGuid = {12C6BBDD-CFA7-41AE-9F3F-3C6425082E37}
	EndGlobalSection
EndGlobal
